
Microsoft Visual Studio Solution File, Format Version 12.00
# Visual Studio Version 17
VisualStudioVersion = 17.9.34902.65
MinimumVisualStudioVersion = 10.0.40219.1
Project("{FAE04EC0-301F-11D3-BF4B-00C04F79EFBC}") = "PlaytoztheGame", "PlaytoztheGame.csproj", "{C9110DB1-F4FF-48BE-8761-806B1383B16D}"
EndProject
Global
	GlobalSection(SolutionConfigurationPlatforms) = preSolution
		Debug|Any CPU = Debug|Any CPU
		Release|Any CPU = Release|Any CPU
	EndGlobalSection
	GlobalSection(ProjectConfigurationPlatforms) = postSolution
		{C9110DB1-F4FF-48BE-8761-806B1383B16D}.Debug|Any CPU.ActiveCfg = Debug|Any CPU
		{C9110DB1-F4FF-48BE-8761-806B1383B16D}.Debug|Any CPU.Build.0 = Debug|Any CPU
		{C9110DB1-F4FF-48BE-8761-806B1383B16D}.Release|Any CPU.ActiveCfg = Release|Any CPU
		{C9110DB1-F4FF-48BE-8761-806B1383B16D}.Release|Any CPU.Build.0 = Release|Any CPU
	EndGlobalSection
	GlobalSection(SolutionProperties) = preSolution
		HideSolutionNode = FALSE
	EndGlobalSection
	GlobalSection(ExtensibilityGlobals) = postSolution
		SolutionGuid = {0CFFBDD3-31EE-42BA-B3F8-EE89A0D61F52}
	EndGlobalSection
EndGlobal
